
Microsoft Visual Studio Solution File, Format Version 12.00
# Visual Studio 14
VisualStudioVersion = 14.0.25420.1
MinimumVisualStudioVersion = 10.0.40219.1
Project("{8BC9CEB8-8B4A-11D0-8D11-00A0C91BC942}") = "Bootstrap", "bootstrap\Bootstrap.vcxproj", "{AF59BB0B-E059-4773-83DC-728A949647DA}"
EndProject
Project("{8BC9CEB8-8B4A-11D0-8D11-00A0C91BC942}") = "firstProject", "firstProject\firstProject.vcxproj", "{DEA49362-B428-4215-8D64-4EA0B4FF0858}"
EndProject
Project("{8BC9CEB8-8B4A-11D0-8D11-00A0C91BC942}") = "Asteroids", "Asteroids\Asteroids.vcxproj", "{B237064A-7D81-44CA-8CED-940A3074EB48}"
	ProjectSection(ProjectDependencies) = postProject
		{AF59BB0B-E059-4773-83DC-728A949647DA} = {AF59BB0B-E059-4773-83DC-728A949647DA}
	EndProjectSection
EndProject
Project("{8BC9CEB8-8B4A-11D0-8D11-00A0C91BC942}") = "SceneGraph", "SceneGraph\SceneGraph.vcxproj", "{AA16D0D6-B732-4181-A528-72315040201D}"
	ProjectSection(ProjectDependencies) = postProject
		{AF59BB0B-E059-4773-83DC-728A949647DA} = {AF59BB0B-E059-4773-83DC-728A949647DA}
		{0B646397-7616-4654-AA10-0A3719B417AB} = {0B646397-7616-4654-AA10-0A3719B417AB}
	EndProjectSection
EndProject
Project("{8BC9CEB8-8B4A-11D0-8D11-00A0C91BC942}") = "MyMathLib", "MyMathLib\MyMathLib.vcxproj", "{0B646397-7616-4654-AA10-0A3719B417AB}"
EndProject
Project("{8BC9CEB8-8B4A-11D0-8D11-00A0C91BC942}") = "RogerTank", "RogerTank\RogerTank.vcxproj", "{3F055704-73BE-41D1-8DE1-84138551A114}"
EndProject
Project("{8BC9CEB8-8B4A-11D0-8D11-00A0C91BC942}") = "GameStateWalkthrough", "GameStateWalkthrough\GameStateWalkthrough.vcxproj", "{932302F3-76DC-4C60-89E1-652DECDF5EB6}"
EndProject
Project("{8BC9CEB8-8B4A-11D0-8D11-00A0C91BC942}") = "CDDS_BinaryTrees (Rogers)", "Apples\CDDS_BinaryTrees_With_Apples\CDDS_BinaryTrees.vcxproj", "{7BE8F566-83DA-4043-97F1-31D7E8D2B1A4}"
	ProjectSection(ProjectDependencies) = postProject
		{AF59BB0B-E059-4773-83DC-728A949647DA} = {AF59BB0B-E059-4773-83DC-728A949647DA}
	EndProjectSection
EndProject
Project("{8BC9CEB8-8B4A-11D0-8D11-00A0C91BC942}") = "AI_Project", "AI_Project\AI_Project.vcxproj", "{AA17BE61-291E-4A37-9144-E6B3BD96FFE9}"
EndProject
Global
	GlobalSection(SolutionConfigurationPlatforms) = preSolution
		Debug|x64 = Debug|x64
		Debug|x86 = Debug|x86
		Release|x64 = Release|x64
		Release|x86 = Release|x86
	EndGlobalSection
	GlobalSection(ProjectConfigurationPlatforms) = postSolution
		{AF59BB0B-E059-4773-83DC-728A949647DA}.Debug|x64.ActiveCfg = Debug|Win32
		{AF59BB0B-E059-4773-83DC-728A949647DA}.Debug|x86.ActiveCfg = Debug|Win32
		{AF59BB0B-E059-4773-83DC-728A949647DA}.Debug|x86.Build.0 = Debug|Win32
		{AF59BB0B-E059-4773-83DC-728A949647DA}.Release|x64.ActiveCfg = Release|Win32
		{AF59BB0B-E059-4773-83DC-728A949647DA}.Release|x86.ActiveCfg = Release|Win32
		{AF59BB0B-E059-4773-83DC-728A949647DA}.Release|x86.Build.0 = Release|Win32
		{DEA49362-B428-4215-8D64-4EA0B4FF0858}.Debug|x64.ActiveCfg = Debug|Win32
		{DEA49362-B428-4215-8D64-4EA0B4FF0858}.Debug|x86.ActiveCfg = Debug|Win32
		{DEA49362-B428-4215-8D64-4EA0B4FF0858}.Debug|x86.Build.0 = Debug|Win32
		{DEA49362-B428-4215-8D64-4EA0B4FF0858}.Release|x64.ActiveCfg = Release|Win32
		{DEA49362-B428-4215-8D64-4EA0B4FF0858}.Release|x86.ActiveCfg = Release|Win32
		{DEA49362-B428-4215-8D64-4EA0B4FF0858}.Release|x86.Build.0 = Release|Win32
		{B237064A-7D81-44CA-8CED-940A3074EB48}.Debug|x64.ActiveCfg = Debug|Win32
		{B237064A-7D81-44CA-8CED-940A3074EB48}.Debug|x86.ActiveCfg = Debug|Win32
		{B237064A-7D81-44CA-8CED-940A3074EB48}.Debug|x86.Build.0 = Debug|Win32
		{B237064A-7D81-44CA-8CED-940A3074EB48}.Release|x64.ActiveCfg = Release|Win32
		{B237064A-7D81-44CA-8CED-940A3074EB48}.Release|x86.ActiveCfg = Release|Win32
		{B237064A-7D81-44CA-8CED-940A3074EB48}.Release|x86.Build.0 = Release|Win32
		{AA16D0D6-B732-4181-A528-72315040201D}.Debug|x64.ActiveCfg = Debug|Win32
		{AA16D0D6-B732-4181-A528-72315040201D}.Debug|x86.ActiveCfg = Debug|Win32
		{AA16D0D6-B732-4181-A528-72315040201D}.Debug|x86.Build.0 = Debug|Win32
		{AA16D0D6-B732-4181-A528-72315040201D}.Release|x64.ActiveCfg = Release|Win32
		{AA16D0D6-B732-4181-A528-72315040201D}.Release|x86.ActiveCfg = Release|Win32
		{AA16D0D6-B732-4181-A528-72315040201D}.Release|x86.Build.0 = Release|Win32
		{0B646397-7616-4654-AA10-0A3719B417AB}.Debug|x64.ActiveCfg = Debug|x64
		{0B646397-7616-4654-AA10-0A3719B417AB}.Debug|x64.Build.0 = Debug|x64
		{0B646397-7616-4654-AA10-0A3719B417AB}.Debug|x86.ActiveCfg = Debug|Win32
		{0B646397-7616-4654-AA10-0A3719B417AB}.Debug|x86.Build.0 = Debug|Win32
		{0B646397-7616-4654-AA10-0A3719B417AB}.Release|x64.ActiveCfg = Release|x64
		{0B646397-7616-4654-AA10-0A3719B417AB}.Release|x64.Build.0 = Release|x64
		{0B646397-7616-4654-AA10-0A3719B417AB}.Release|x86.ActiveCfg = Release|Win32
		{0B646397-7616-4654-AA10-0A3719B417AB}.Release|x86.Build.0 = Release|Win32
		{3F055704-73BE-41D1-8DE1-84138551A114}.Debug|x64.ActiveCfg = Debug|Win32
		{3F055704-73BE-41D1-8DE1-84138551A114}.Debug|x86.ActiveCfg = Debug|Win32
		{3F055704-73BE-41D1-8DE1-84138551A114}.Debug|x86.Build.0 = Debug|Win32
		{3F055704-73BE-41D1-8DE1-84138551A114}.Release|x64.ActiveCfg = Release|Win32
		{3F055704-73BE-41D1-8DE1-84138551A114}.Release|x86.ActiveCfg = Release|Win32
		{3F055704-73BE-41D1-8DE1-84138551A114}.Release|x86.Build.0 = Release|Win32
		{932302F3-76DC-4C60-89E1-652DECDF5EB6}.Debug|x64.ActiveCfg = Debug|Win32
		{932302F3-76DC-4C60-89E1-652DECDF5EB6}.Debug|x86.ActiveCfg = Debug|Win32
		{932302F3-76DC-4C60-89E1-652DECDF5EB6}.Debug|x86.Build.0 = Debug|Win32
		{932302F3-76DC-4C60-89E1-652DECDF5EB6}.Release|x64.ActiveCfg = Release|Win32
		{932302F3-76DC-4C60-89E1-652DECDF5EB6}.Release|x86.ActiveCfg = Release|Win32
		{932302F3-76DC-4C60-89E1-652DECDF5EB6}.Release|x86.Build.0 = Release|Win32
		{7BE8F566-83DA-4043-97F1-31D7E8D2B1A4}.Debug|x64.ActiveCfg = Debug|Win32
		{7BE8F566-83DA-4043-97F1-31D7E8D2B1A4}.Debug|x86.ActiveCfg = Debug|Win32
		{7BE8F566-83DA-4043-97F1-31D7E8D2B1A4}.Debug|x86.Build.0 = Debug|Win32
		{7BE8F566-83DA-4043-97F1-31D7E8D2B1A4}.Release|x64.ActiveCfg = Release|Win32
		{7BE8F566-83DA-4043-97F1-31D7E8D2B1A4}.Release|x86.ActiveCfg = Release|Win32
		{7BE8F566-83DA-4043-97F1-31D7E8D2B1A4}.Release|x86.Build.0 = Release|Win32
		{AA17BE61-291E-4A37-9144-E6B3BD96FFE9}.Debug|x64.ActiveCfg = Debug|Win32
		{AA17BE61-291E-4A37-9144-E6B3BD96FFE9}.Debug|x86.ActiveCfg = Debug|Win32
		{AA17BE61-291E-4A37-9144-E6B3BD96FFE9}.Debug|x86.Build.0 = Debug|Win32
		{AA17BE61-291E-4A37-9144-E6B3BD96FFE9}.Release|x64.ActiveCfg = Release|Win32
		{AA17BE61-291E-4A37-9144-E6B3BD96FFE9}.Release|x86.ActiveCfg = Release|Win32
		{AA17BE61-291E-4A37-9144-E6B3BD96FFE9}.Release|x86.Build.0 = Release|Win32
	EndGlobalSection
	GlobalSection(SolutionProperties) = preSolution
		HideSolutionNode = FALSE
	EndGlobalSection
EndGlobal
