
Microsoft Visual Studio Solution File, Format Version 12.00
# Visual Studio 2013
VisualStudioVersion = 12.0.31101.0
MinimumVisualStudioVersion = 10.0.40219.1
Project("{FAE04EC0-301F-11D3-BF4B-00C04F79EFBC}") = "multiple forms apllication", "multiple forms apllication\multiple forms apllication.csproj", "{FACDDDE6-F7DD-4FD1-8B8E-7E6E925F6DBF}"
EndProject
Global
	GlobalSection(SolutionConfigurationPlatforms) = preSolution
		Debug|Any CPU = Debug|Any CPU
		Release|Any CPU = Release|Any CPU
	EndGlobalSection
	GlobalSection(ProjectConfigurationPlatforms) = postSolution
		{FACDDDE6-F7DD-4FD1-8B8E-7E6E925F6DBF}.Debug|Any CPU.ActiveCfg = Debug|Any CPU
		{FACDDDE6-F7DD-4FD1-8B8E-7E6E925F6DBF}.Debug|Any CPU.Build.0 = Debug|Any CPU
		{FACDDDE6-F7DD-4FD1-8B8E-7E6E925F6DBF}.Release|Any CPU.ActiveCfg = Release|Any CPU
		{FACDDDE6-F7DD-4FD1-8B8E-7E6E925F6DBF}.Release|Any CPU.Build.0 = Release|Any CPU
	EndGlobalSection
	GlobalSection(SolutionProperties) = preSolution
		HideSolutionNode = FALSE
	EndGlobalSection
EndGlobal
